
Microsoft Visual Studio Solution File, Format Version 12.00
# Visual Studio 15
VisualStudioVersion = 15.0.28307.1062
MinimumVisualStudioVersion = 10.0.40219.1
Project("{FAE04EC0-301F-11D3-BF4B-00C04F79EFBC}") = "OnlineTicariOtomasyon", "OnlineTicariOtomasyon\OnlineTicariOtomasyon.csproj", "{BC720EC6-A644-4D3D-8D6F-6CF541AD5C44}"
EndProject
Project("{FAE04EC0-301F-11D3-BF4B-00C04F79EFBC}") = "Api", "Api\Api.csproj", "{B087267D-79FB-48B1-B525-22542118C2C2}"
EndProject
Global
	GlobalSection(SolutionConfigurationPlatforms) = preSolution
		Debug|Any CPU = Debug|Any CPU
		Release|Any CPU = Release|Any CPU
	EndGlobalSection
	GlobalSection(ProjectConfigurationPlatforms) = postSolution
		{BC720EC6-A644-4D3D-8D6F-6CF541AD5C44}.Debug|Any CPU.ActiveCfg = Debug|Any CPU
		{BC720EC6-A644-4D3D-8D6F-6CF541AD5C44}.Debug|Any CPU.Build.0 = Debug|Any CPU
		{BC720EC6-A644-4D3D-8D6F-6CF541AD5C44}.Release|Any CPU.ActiveCfg = Release|Any CPU
		{BC720EC6-A644-4D3D-8D6F-6CF541AD5C44}.Release|Any CPU.Build.0 = Release|Any CPU
		{B087267D-79FB-48B1-B525-22542118C2C2}.Debug|Any CPU.ActiveCfg = Debug|Any CPU
		{B087267D-79FB-48B1-B525-22542118C2C2}.Debug|Any CPU.Build.0 = Debug|Any CPU
		{B087267D-79FB-48B1-B525-22542118C2C2}.Release|Any CPU.ActiveCfg = Release|Any CPU
		{B087267D-79FB-48B1-B525-22542118C2C2}.Release|Any CPU.Build.0 = Release|Any CPU
	EndGlobalSection
	GlobalSection(SolutionProperties) = preSolution
		HideSolutionNode = FALSE
	EndGlobalSection
	GlobalSection(ExtensibilityGlobals) = postSolution
		SolutionGuid = {1AA9B9B9-F5D9-43C6-853B-6B3FEEF0AA18}
	EndGlobalSection
EndGlobal
